
Microsoft Visual Studio Solution File, Format Version 12.00
# Visual Studio Version 17
VisualStudioVersion = 17.1.32328.378
MinimumVisualStudioVersion = 10.0.40219.1
Project("{8BC9CEB8-8B4A-11D0-8D11-00A0C91BC942}") = "ConsoleApplication2", "ConsoleApplication2.vcxproj", "{79CCF1CC-0D98-429B-AAF8-5855D7695F1C}"
EndProject
Global
	GlobalSection(SolutionConfigurationPlatforms) = preSolution
		Debug|x64 = Debug|x64
		Debug|x86 = Debug|x86
		Release|x64 = Release|x64
		Release|x86 = Release|x86
	EndGlobalSection
	GlobalSection(ProjectConfigurationPlatforms) = postSolution
		{79CCF1CC-0D98-429B-AAF8-5855D7695F1C}.Debug|x64.ActiveCfg = Debug|x64
		{79CCF1CC-0D98-429B-AAF8-5855D7695F1C}.Debug|x64.Build.0 = Debug|x64
		{79CCF1CC-0D98-429B-AAF8-5855D7695F1C}.Debug|x86.ActiveCfg = Debug|Win32
		{79CCF1CC-0D98-429B-AAF8-5855D7695F1C}.Debug|x86.Build.0 = Debug|Win32
		{79CCF1CC-0D98-429B-AAF8-5855D7695F1C}.Release|x64.ActiveCfg = Release|x64
		{79CCF1CC-0D98-429B-AAF8-5855D7695F1C}.Release|x64.Build.0 = Release|x64
		{79CCF1CC-0D98-429B-AAF8-5855D7695F1C}.Release|x86.ActiveCfg = Release|Win32
		{79CCF1CC-0D98-429B-AAF8-5855D7695F1C}.Release|x86.Build.0 = Release|Win32
	EndGlobalSection
	GlobalSection(SolutionProperties) = preSolution
		HideSolutionNode = FALSE
	EndGlobalSection
	GlobalSection(ExtensibilityGlobals) = postSolution
		SolutionGuid = {7769F8A0-24AC-40EA-9539-0B6C19DE1723}
	EndGlobalSection
EndGlobal
